
Microsoft Visual Studio Solution File, Format Version 12.00
# Visual Studio 2013
VisualStudioVersion = 12.0.31101.0
MinimumVisualStudioVersion = 10.0.40219.1
Project("{FAE04EC0-301F-11D3-BF4B-00C04F79EFBC}") = "hw2c", "hw2c\hw2c.csproj", "{73B36843-21EB-4800-8F1B-EF9C696D94AD}"
EndProject
Project("{FAE04EC0-301F-11D3-BF4B-00C04F79EFBC}") = "UnitTestProject_hw2c", "UnitTestProject_hw2c\UnitTestProject_hw2c.csproj", "{13FF9C7B-02A6-47AF-A982-0736025FC651}"
EndProject
Global
	GlobalSection(SolutionConfigurationPlatforms) = preSolution
		Debug|Any CPU = Debug|Any CPU
		Release|Any CPU = Release|Any CPU
	EndGlobalSection
	GlobalSection(ProjectConfigurationPlatforms) = postSolution
		{73B36843-21EB-4800-8F1B-EF9C696D94AD}.Debug|Any CPU.ActiveCfg = Debug|Any CPU
		{73B36843-21EB-4800-8F1B-EF9C696D94AD}.Debug|Any CPU.Build.0 = Debug|Any CPU
		{73B36843-21EB-4800-8F1B-EF9C696D94AD}.Release|Any CPU.ActiveCfg = Release|Any CPU
		{73B36843-21EB-4800-8F1B-EF9C696D94AD}.Release|Any CPU.Build.0 = Release|Any CPU
		{13FF9C7B-02A6-47AF-A982-0736025FC651}.Debug|Any CPU.ActiveCfg = Debug|Any CPU
		{13FF9C7B-02A6-47AF-A982-0736025FC651}.Debug|Any CPU.Build.0 = Debug|Any CPU
		{13FF9C7B-02A6-47AF-A982-0736025FC651}.Release|Any CPU.ActiveCfg = Release|Any CPU
		{13FF9C7B-02A6-47AF-A982-0736025FC651}.Release|Any CPU.Build.0 = Release|Any CPU
	EndGlobalSection
	GlobalSection(SolutionProperties) = preSolution
		HideSolutionNode = FALSE
	EndGlobalSection
EndGlobal
